<?xml version="1.0" encoding="utf-8"?>
<Project ToolsVersion="4.0" xmlns="http://schemas.microsoft.com/developer/msbuild/2003">
  <ItemGroup>
    <Filter Include="Source Files">
      <UniqueIdentifier>{4FC737F1-C7A5-4376-A066-2A32D752A2FF}</UniqueIdentifier>
      <Extensions>cpp;c;cc;cxx;c++;cppm;ixx;def;odl;idl;hpj;bat;asm;asmx</Extensions>
    </Filter>
    <Filter Include="Header Files">
      <UniqueIdentifier>{93995380-89BD-4b04-88EB-625FBE52EBFB}</UniqueIdentifier>
      <Extensions>h;hh;hpp;hxx;h++;hm;inl;inc;ipp;xsd</Extensions>
    </Filter>
    <Filter Include="Resource Files">
      <UniqueIdentifier>{67DA6AB6-F800-4c08-8B7A-83BB121AAD01}</UniqueIdentifier>
      <Extensions>rc;ico;cur;bmp;dlg;rc2;rct;bin;rgs;gif;jpg;jpeg;jpe;resx;tiff;tif;png;wav;mfcribbon-ms</Extensions>
    </Filter>
    <Filter Include="Header Files\util">
      <UniqueIdentifier>{7b944f8c-3874-4859-9bd0-51ed4f452388}</UniqueIdentifier>
    </Filter>
    <Filter Include="Header Files\app">
      <UniqueIdentifier>{597b5c16-8e2c-4082-9efa-25958c65c44b}</UniqueIdentifier>
    </Filter>
    <Filter Include="Header Files\app\cmds">
      <UniqueIdentifier>{4608bbd1-25e8-43ff-9987-6ec098f54db9}</UniqueIdentifier>
    </Filter>
    <Filter Include="Header Files\shared">
      <UniqueIdentifier>{ab9516af-1c94-4c84-8502-577949dd1899}</UniqueIdentifier>
    </Filter>
    <Filter Include="Header Files\shared\buffer">
      <UniqueIdentifier>{e8291453-e356-43e0-a6fb-ed0d1a4b6bf1}</UniqueIdentifier>
    </Filter>
    <Filter Include="Header Files\shared\cli_processor">
      <UniqueIdentifier>{8e966782-dfa6-49d4-90a1-bca3242340de}</UniqueIdentifier>
    </Filter>
    <Filter Include="Header Files\shared\cli_processor\doc">
      <UniqueIdentifier>{7680bfb4-5490-46e8-9508-a8d2757e56a8}</UniqueIdentifier>
    </Filter>
    <Filter Include="Header Files\shared\workers">
      <UniqueIdentifier>{1aabb646-78fb-4622-b339-2652d0fb92ec}</UniqueIdentifier>
    </Filter>
    <Filter Include="Header Files\shared\data">
      <UniqueIdentifier>{94ba8ae1-c9be-4fa0-af98-79590f825cc3}</UniqueIdentifier>
    </Filter>
  </ItemGroup>
  <ItemGroup>
    <ClCompile Include="Senorra.cpp">
      <Filter>Source Files</Filter>
    </ClCompile>
    <ClCompile Include="shared\cli_processor\CLIProcessor.cpp">
      <Filter>Header Files\shared\cli_processor</Filter>
    </ClCompile>
  </ItemGroup>
  <ItemGroup>
    <ClInclude Include="app\cmds\MainCommand.h">
      <Filter>Header Files\app\cmds</Filter>
    </ClInclude>
    <ClInclude Include="shared\buffer\SharedBuffer.h">
      <Filter>Header Files\shared\buffer</Filter>
    </ClInclude>
    <ClInclude Include="shared\buffer\IDataStream.h">
      <Filter>Header Files\shared\buffer</Filter>
    </ClInclude>
    <ClInclude Include="shared\cli_processor\docs\CLIExamples.h">
      <Filter>Header Files\shared\cli_processor\doc</Filter>
    </ClInclude>
    <ClInclude Include="shared\cli_processor\CLIState.h">
      <Filter>Header Files\shared\cli_processor</Filter>
    </ClInclude>
    <ClInclude Include="shared\cli_processor\CLIProcessor.h">
      <Filter>Header Files\shared\cli_processor</Filter>
    </ClInclude>
    <ClInclude Include="shared\cli_processor\ComTypes.h">
      <Filter>Header Files\shared\cli_processor</Filter>
    </ClInclude>
    <ClInclude Include="shared\workers\JobWorker.h">
      <Filter>Header Files\shared\workers</Filter>
    </ClInclude>
    <ClInclude Include="util\Utils.h">
      <Filter>Header Files\util</Filter>
    </ClInclude>
    <ClInclude Include="shared\data\DataReader.h">
      <Filter>Header Files\shared\data</Filter>
    </ClInclude>
  </ItemGroup>
</Project>