<?xml version="1.0" encoding="utf-8"?>
<Project ToolsVersion="4.0" xmlns="http://schemas.microsoft.com/developer/msbuild/2003">
  <ItemGroup>
    <Filter Include="Source Files">
      <UniqueIdentifier>{4FC737F1-C7A5-4376-A066-2A32D752A2FF}</UniqueIdentifier>
      <Extensions>cpp;c;cc;cxx;c++;cppm;ixx;def;odl;idl;hpj;bat;asm;asmx</Extensions>
    </Filter>
    <Filter Include="Header Files">
      <UniqueIdentifier>{93995380-89BD-4b04-88EB-625FBE52EBFB}</UniqueIdentifier>
      <Extensions>h;hh;hpp;hxx;h++;hm;inl;inc;ipp;xsd</Extensions>
    </Filter>
    <Filter Include="Resource Files">
      <UniqueIdentifier>{67DA6AB6-F800-4c08-8B7A-83BB121AAD01}</UniqueIdentifier>
      <Extensions>rc;ico;cur;bmp;dlg;rc2;rct;bin;rgs;gif;jpg;jpeg;jpe;resx;tiff;tif;png;wav;mfcribbon-ms</Extensions>
    </Filter>
    <Filter Include="Header Files\util">
      <UniqueIdentifier>{7b944f8c-3874-4859-9bd0-51ed4f452388}</UniqueIdentifier>
    </Filter>
    <Filter Include="Header Files\app">
      <UniqueIdentifier>{597b5c16-8e2c-4082-9efa-25958c65c44b}</UniqueIdentifier>
    </Filter>
    <Filter Include="UML">
      <UniqueIdentifier>{b437ad5c-464d-4c41-ba88-b7af3bf113eb}</UniqueIdentifier>
    </Filter>
    <Filter Include="Header Files\core">
      <UniqueIdentifier>{ab9516af-1c94-4c84-8502-577949dd1899}</UniqueIdentifier>
    </Filter>
    <Filter Include="Header Files\core\workers">
      <UniqueIdentifier>{1aabb646-78fb-4622-b339-2652d0fb92ec}</UniqueIdentifier>
    </Filter>
    <Filter Include="Header Files\core\ipc">
      <UniqueIdentifier>{8f74cf7c-6344-47b1-b3d8-cb53f7630165}</UniqueIdentifier>
    </Filter>
    <Filter Include="Header Files\core\ipc\tests">
      <UniqueIdentifier>{be5ce761-3a2f-464c-95c1-dbd794725283}</UniqueIdentifier>
    </Filter>
    <Filter Include="Header Files\core\data">
      <UniqueIdentifier>{764cb751-e8c1-4cdd-8ed6-50e509fdaf2c}</UniqueIdentifier>
    </Filter>
    <Filter Include="Header Files\core\cli">
      <UniqueIdentifier>{8e966782-dfa6-49d4-90a1-bca3242340de}</UniqueIdentifier>
    </Filter>
    <Filter Include="Header Files\core\cli\doc">
      <UniqueIdentifier>{7680bfb4-5490-46e8-9508-a8d2757e56a8}</UniqueIdentifier>
    </Filter>
    <Filter Include="Header Files\app\commands">
      <UniqueIdentifier>{4608bbd1-25e8-43ff-9987-6ec098f54db9}</UniqueIdentifier>
    </Filter>
    <Filter Include="Header Files\core\proc">
      <UniqueIdentifier>{e8291453-e356-43e0-a6fb-ed0d1a4b6bf1}</UniqueIdentifier>
    </Filter>
    <Filter Include="Header Files\core\proc\Win">
      <UniqueIdentifier>{38a02d06-e11a-4b4e-9658-e60ccbbe96e7}</UniqueIdentifier>
    </Filter>
  </ItemGroup>
  <ItemGroup>
    <ClCompile Include="Senorra.cpp">
      <Filter>Source Files</Filter>
    </ClCompile>
    <ClCompile Include="core\cli\CLIProcessor.cpp">
      <Filter>Header Files\core\cli</Filter>
    </ClCompile>
  </ItemGroup>
  <ItemGroup>
    <ClInclude Include="util\Utils.h">
      <Filter>Header Files\util</Filter>
    </ClInclude>
    <ClInclude Include="shared\data\NetworkDataIO.h">
      <Filter>Header Files\core\data</Filter>
    </ClInclude>
    <ClInclude Include="app\commands\CopyCommand.h">
      <Filter>Header Files\app\commands</Filter>
    </ClInclude>
    <ClInclude Include="app\commands\IPCClientCommand.h">
      <Filter>Header Files\app\commands</Filter>
    </ClInclude>
    <ClInclude Include="app\commands\IPCServerCommand.h">
      <Filter>Header Files\app\commands</Filter>
    </ClInclude>
    <ClInclude Include="core\data\IDataIO.h">
      <Filter>Header Files\core\data</Filter>
    </ClInclude>
    <ClInclude Include="core\cli\CLIProcessor.h">
      <Filter>Header Files\core\cli</Filter>
    </ClInclude>
    <ClInclude Include="core\cli\CLIState.h">
      <Filter>Header Files\core\cli</Filter>
    </ClInclude>
    <ClInclude Include="core\cli\ComTypes.h">
      <Filter>Header Files\core\cli</Filter>
    </ClInclude>
    <ClInclude Include="core\cli\docs\CLIExamples.h">
      <Filter>Header Files\core\cli\doc</Filter>
    </ClInclude>
    <ClInclude Include="core\workers\JobWorker.h">
      <Filter>Header Files\core\workers</Filter>
    </ClInclude>
    <ClInclude Include="core\proc\IProcessor.h">
      <Filter>Header Files\core\proc</Filter>
    </ClInclude>
    <ClInclude Include="core\proc\LineBuffer.h">
      <Filter>Header Files\core\proc</Filter>
    </ClInclude>
    <ClInclude Include="core\proc\ProcessorFactory.h">
      <Filter>Header Files\core\proc</Filter>
    </ClInclude>
    <ClInclude Include="core\proc\ThreadedDataProcessor.h">
      <Filter>Header Files\core\proc</Filter>
    </ClInclude>
    <ClInclude Include="core\ipc\ipc_mutex.h">
      <Filter>Header Files\core\ipc</Filter>
    </ClInclude>
    <ClInclude Include="core\ipc\tests.h">
      <Filter>Header Files\core\ipc\tests</Filter>
    </ClInclude>
    <ClInclude Include="core\proc\win\WinIPCProcessor.h">
      <Filter>Header Files\core\proc\Win</Filter>
    </ClInclude>
    <ClInclude Include="core\proc\win\Wrapper.h">
      <Filter>Header Files\core\proc\Win</Filter>
    </ClInclude>
    <ClInclude Include="core\data\FileDataIO.h">
      <Filter>Header Files\core\data</Filter>
    </ClInclude>
  </ItemGroup>
  <ItemGroup>
    <Text Include="doc\classdiag.mdpuml">
      <Filter>UML</Filter>
    </Text>
  </ItemGroup>
  <ItemGroup>
    <None Include="doc\appdiag.mdpuml">
      <Filter>UML</Filter>
    </None>
    <None Include="doc\appseq.mdpuml">
      <Filter>UML</Filter>
    </None>
    <None Include="doc\appdiag_new.mdpuml">
      <Filter>UML</Filter>
    </None>
    <None Include="doc\appseq_new.mdpuml">
      <Filter>UML</Filter>
    </None>
  </ItemGroup>
</Project>